
Microsoft Visual Studio Solution File, Format Version 12.00
# Visual Studio Version 17
VisualStudioVersion = 17.0.31912.275
MinimumVisualStudioVersion = 10.0.40219.1
Project("{9A19103F-16F7-4668-BE54-9A1E7A4F7556}") = "SMS.NET", "src\SMS.NET\SMS.NET.csproj", "{DBB8661C-7D38-496A-8974-D1D35DB70C2F}"
EndProject
Project("{2150E333-8FDC-42A3-9474-1A3956D46DE8}") = "Solution Items", "Solution Items", "{B2B1937D-903B-4B68-A79A-B51EC832EC79}"
	ProjectSection(SolutionItems) = preProject
		CHANGELOG.md = CHANGELOG.md
		LICENSE = LICENSE
		README.md = README.md
	EndProjectSection
EndProject
Project("{2150E333-8FDC-42A3-9474-1A3956D46DE8}") = "src", "src", "{3ED197C8-4218-4F2D-86E3-359FA5A5D562}"
EndProject
Project("{2150E333-8FDC-42A3-9474-1A3956D46DE8}") = "tests", "tests", "{A8A0EEE0-6F00-4E96-A555-C98955E94C26}"
EndProject
Project("{9A19103F-16F7-4668-BE54-9A1E7A4F7556}") = "SMS.NET.Test", "tests\SMS.NET.Test\SMS.NET.Test.csproj", "{9EDCE6E9-D48D-46C5-86A9-A048F3E02D6E}"
EndProject
Global
	GlobalSection(SolutionConfigurationPlatforms) = preSolution
		Debug|Any CPU = Debug|Any CPU
		Release|Any CPU = Release|Any CPU
	EndGlobalSection
	GlobalSection(ProjectConfigurationPlatforms) = postSolution
		{DBB8661C-7D38-496A-8974-D1D35DB70C2F}.Debug|Any CPU.ActiveCfg = Debug|Any CPU
		{DBB8661C-7D38-496A-8974-D1D35DB70C2F}.Debug|Any CPU.Build.0 = Debug|Any CPU
		{DBB8661C-7D38-496A-8974-D1D35DB70C2F}.Release|Any CPU.ActiveCfg = Release|Any CPU
		{DBB8661C-7D38-496A-8974-D1D35DB70C2F}.Release|Any CPU.Build.0 = Release|Any CPU
		{9EDCE6E9-D48D-46C5-86A9-A048F3E02D6E}.Debug|Any CPU.ActiveCfg = Debug|Any CPU
		{9EDCE6E9-D48D-46C5-86A9-A048F3E02D6E}.Debug|Any CPU.Build.0 = Debug|Any CPU
		{9EDCE6E9-D48D-46C5-86A9-A048F3E02D6E}.Release|Any CPU.ActiveCfg = Release|Any CPU
		{9EDCE6E9-D48D-46C5-86A9-A048F3E02D6E}.Release|Any CPU.Build.0 = Release|Any CPU
	EndGlobalSection
	GlobalSection(SolutionProperties) = preSolution
		HideSolutionNode = FALSE
	EndGlobalSection
	GlobalSection(NestedProjects) = preSolution
		{DBB8661C-7D38-496A-8974-D1D35DB70C2F} = {3ED197C8-4218-4F2D-86E3-359FA5A5D562}
		{9EDCE6E9-D48D-46C5-86A9-A048F3E02D6E} = {A8A0EEE0-6F00-4E96-A555-C98955E94C26}
	EndGlobalSection
	GlobalSection(ExtensibilityGlobals) = postSolution
		SolutionGuid = {2A9E6973-ECDE-4895-8435-8CA0F49DF342}
	EndGlobalSection
EndGlobal
