
Microsoft Visual Studio Solution File, Format Version 12.00
# Visual Studio Version 17
VisualStudioVersion = 17.0.31912.275
MinimumVisualStudioVersion = 10.0.40219.1
Project("{9A19103F-16F7-4668-BE54-9A1E7A4F7556}") = "SMS.Net", "src\SMS.Net\SMS.Net.csproj", "{DBB8661C-7D38-496A-8974-D1D35DB70C2F}"
EndProject
Project("{2150E333-8FDC-42A3-9474-1A3956D46DE8}") = "Solution Items", "Solution Items", "{B2B1937D-903B-4B68-A79A-B51EC832EC79}"
	ProjectSection(SolutionItems) = preProject
		.editorconfig = .editorconfig
		CHANGELOG.md = CHANGELOG.md
		LICENSE = LICENSE
		README.md = README.md
	EndProjectSection
EndProject
Project("{2150E333-8FDC-42A3-9474-1A3956D46DE8}") = "src", "src", "{3ED197C8-4218-4F2D-86E3-359FA5A5D562}"
	ProjectSection(SolutionItems) = preProject
		src\Directory.Build.props = src\Directory.Build.props
	EndProjectSection
EndProject
Project("{2150E333-8FDC-42A3-9474-1A3956D46DE8}") = "tests", "tests", "{A8A0EEE0-6F00-4E96-A555-C98955E94C26}"
EndProject
Project("{9A19103F-16F7-4668-BE54-9A1E7A4F7556}") = "SMS.Net.Test", "tests\SMS.Net.Test\SMS.Net.Test.csproj", "{9EDCE6E9-D48D-46C5-86A9-A048F3E02D6E}"
EndProject
Project("{9A19103F-16F7-4668-BE54-9A1E7A4F7556}") = "SMS.Net.Channels.Test", "tests\SMS.Net.Channels.Test\SMS.Net.Channels.Test.csproj", "{44B392A5-4BF1-4A61-9C2C-2498D86300B5}"
EndProject
Project("{2150E333-8FDC-42A3-9474-1A3956D46DE8}") = "SmsDeliveryChannels", "SmsDeliveryChannels", "{D1313045-171F-4139-BAD6-E0FAEED68FAD}"
EndProject
Project("{9A19103F-16F7-4668-BE54-9A1E7A4F7556}") = "SMS.Net.Twilio", "src\SmsDeliveryChannels\SMS.Net.Twilio\SMS.Net.Twilio.csproj", "{A44FC33B-F7A1-40A8-B2FB-796C855A9A43}"
EndProject
Project("{9A19103F-16F7-4668-BE54-9A1E7A4F7556}") = "SMS.Net.MessageBird", "src\SmsDeliveryChannels\SMS.Net.MessageBird\SMS.Net.MessageBird.csproj", "{96D2E98F-04AF-49FB-936E-89174CDFF34D}"
EndProject
Project("{9A19103F-16F7-4668-BE54-9A1E7A4F7556}") = "SMS.Net.Avochato", "src\SmsDeliveryChannels\SMS.Net.Avochato\SMS.Net.Avochato.csproj", "{95E3AFDB-9E19-47B9-A377-7BC8577BD055}"
EndProject
Project("{2150E333-8FDC-42A3-9474-1A3956D46DE8}") = "samples", "samples", "{107D0A76-1777-4D28-9303-CA2B6F460A1E}"
EndProject
Project("{9A19103F-16F7-4668-BE54-9A1E7A4F7556}") = "SMS.Net.AspCore", "samples\SMS.Net.AspCore\SMS.Net.AspCore.csproj", "{8D52943D-9060-4781-AC33-89E549C7259E}"
EndProject
Project("{9A19103F-16F7-4668-BE54-9A1E7A4F7556}") = "SMS.Net.RavenSMS", "src\SmsDeliveryChannels\SMS.Net.RavenSMS\SMS.Net.RavenSMS.csproj", "{523858D6-69BB-4BB4-8AE0-BF07FBFCF452}"
EndProject
Project("{9A19103F-16F7-4668-BE54-9A1E7A4F7556}") = "SMS.Net.D7Networks", "src\SmsDeliveryChannels\SMS.Net.D7Networks\SMS.Net.D7Networks.csproj", "{BD32CE5B-37A9-4ADF-B2D0-CDF1B74E2D1E}"
EndProject
Global
	GlobalSection(SolutionConfigurationPlatforms) = preSolution
		Debug|Any CPU = Debug|Any CPU
		Release|Any CPU = Release|Any CPU
	EndGlobalSection
	GlobalSection(ProjectConfigurationPlatforms) = postSolution
		{DBB8661C-7D38-496A-8974-D1D35DB70C2F}.Debug|Any CPU.ActiveCfg = Debug|Any CPU
		{DBB8661C-7D38-496A-8974-D1D35DB70C2F}.Debug|Any CPU.Build.0 = Debug|Any CPU
		{DBB8661C-7D38-496A-8974-D1D35DB70C2F}.Release|Any CPU.ActiveCfg = Release|Any CPU
		{DBB8661C-7D38-496A-8974-D1D35DB70C2F}.Release|Any CPU.Build.0 = Release|Any CPU
		{9EDCE6E9-D48D-46C5-86A9-A048F3E02D6E}.Debug|Any CPU.ActiveCfg = Debug|Any CPU
		{9EDCE6E9-D48D-46C5-86A9-A048F3E02D6E}.Debug|Any CPU.Build.0 = Debug|Any CPU
		{9EDCE6E9-D48D-46C5-86A9-A048F3E02D6E}.Release|Any CPU.ActiveCfg = Release|Any CPU
		{9EDCE6E9-D48D-46C5-86A9-A048F3E02D6E}.Release|Any CPU.Build.0 = Release|Any CPU
		{44B392A5-4BF1-4A61-9C2C-2498D86300B5}.Debug|Any CPU.ActiveCfg = Debug|Any CPU
		{44B392A5-4BF1-4A61-9C2C-2498D86300B5}.Debug|Any CPU.Build.0 = Debug|Any CPU
		{44B392A5-4BF1-4A61-9C2C-2498D86300B5}.Release|Any CPU.ActiveCfg = Release|Any CPU
		{44B392A5-4BF1-4A61-9C2C-2498D86300B5}.Release|Any CPU.Build.0 = Release|Any CPU
		{A44FC33B-F7A1-40A8-B2FB-796C855A9A43}.Debug|Any CPU.ActiveCfg = Debug|Any CPU
		{A44FC33B-F7A1-40A8-B2FB-796C855A9A43}.Debug|Any CPU.Build.0 = Debug|Any CPU
		{A44FC33B-F7A1-40A8-B2FB-796C855A9A43}.Release|Any CPU.ActiveCfg = Release|Any CPU
		{A44FC33B-F7A1-40A8-B2FB-796C855A9A43}.Release|Any CPU.Build.0 = Release|Any CPU
		{96D2E98F-04AF-49FB-936E-89174CDFF34D}.Debug|Any CPU.ActiveCfg = Debug|Any CPU
		{96D2E98F-04AF-49FB-936E-89174CDFF34D}.Debug|Any CPU.Build.0 = Debug|Any CPU
		{96D2E98F-04AF-49FB-936E-89174CDFF34D}.Release|Any CPU.ActiveCfg = Release|Any CPU
		{96D2E98F-04AF-49FB-936E-89174CDFF34D}.Release|Any CPU.Build.0 = Release|Any CPU
		{95E3AFDB-9E19-47B9-A377-7BC8577BD055}.Debug|Any CPU.ActiveCfg = Debug|Any CPU
		{95E3AFDB-9E19-47B9-A377-7BC8577BD055}.Debug|Any CPU.Build.0 = Debug|Any CPU
		{95E3AFDB-9E19-47B9-A377-7BC8577BD055}.Release|Any CPU.ActiveCfg = Release|Any CPU
		{95E3AFDB-9E19-47B9-A377-7BC8577BD055}.Release|Any CPU.Build.0 = Release|Any CPU
		{8D52943D-9060-4781-AC33-89E549C7259E}.Debug|Any CPU.ActiveCfg = Debug|Any CPU
		{8D52943D-9060-4781-AC33-89E549C7259E}.Debug|Any CPU.Build.0 = Debug|Any CPU
		{8D52943D-9060-4781-AC33-89E549C7259E}.Release|Any CPU.ActiveCfg = Release|Any CPU
		{8D52943D-9060-4781-AC33-89E549C7259E}.Release|Any CPU.Build.0 = Release|Any CPU
		{523858D6-69BB-4BB4-8AE0-BF07FBFCF452}.Debug|Any CPU.ActiveCfg = Debug|Any CPU
		{523858D6-69BB-4BB4-8AE0-BF07FBFCF452}.Debug|Any CPU.Build.0 = Debug|Any CPU
		{523858D6-69BB-4BB4-8AE0-BF07FBFCF452}.Release|Any CPU.ActiveCfg = Release|Any CPU
		{523858D6-69BB-4BB4-8AE0-BF07FBFCF452}.Release|Any CPU.Build.0 = Release|Any CPU
		{BD32CE5B-37A9-4ADF-B2D0-CDF1B74E2D1E}.Debug|Any CPU.ActiveCfg = Debug|Any CPU
		{BD32CE5B-37A9-4ADF-B2D0-CDF1B74E2D1E}.Debug|Any CPU.Build.0 = Debug|Any CPU
		{BD32CE5B-37A9-4ADF-B2D0-CDF1B74E2D1E}.Release|Any CPU.ActiveCfg = Release|Any CPU
		{BD32CE5B-37A9-4ADF-B2D0-CDF1B74E2D1E}.Release|Any CPU.Build.0 = Release|Any CPU
	EndGlobalSection
	GlobalSection(SolutionProperties) = preSolution
		HideSolutionNode = FALSE
	EndGlobalSection
	GlobalSection(NestedProjects) = preSolution
		{DBB8661C-7D38-496A-8974-D1D35DB70C2F} = {3ED197C8-4218-4F2D-86E3-359FA5A5D562}
		{9EDCE6E9-D48D-46C5-86A9-A048F3E02D6E} = {A8A0EEE0-6F00-4E96-A555-C98955E94C26}
		{44B392A5-4BF1-4A61-9C2C-2498D86300B5} = {A8A0EEE0-6F00-4E96-A555-C98955E94C26}
		{D1313045-171F-4139-BAD6-E0FAEED68FAD} = {3ED197C8-4218-4F2D-86E3-359FA5A5D562}
		{A44FC33B-F7A1-40A8-B2FB-796C855A9A43} = {D1313045-171F-4139-BAD6-E0FAEED68FAD}
		{96D2E98F-04AF-49FB-936E-89174CDFF34D} = {D1313045-171F-4139-BAD6-E0FAEED68FAD}
		{95E3AFDB-9E19-47B9-A377-7BC8577BD055} = {D1313045-171F-4139-BAD6-E0FAEED68FAD}
		{8D52943D-9060-4781-AC33-89E549C7259E} = {107D0A76-1777-4D28-9303-CA2B6F460A1E}
		{523858D6-69BB-4BB4-8AE0-BF07FBFCF452} = {D1313045-171F-4139-BAD6-E0FAEED68FAD}
		{BD32CE5B-37A9-4ADF-B2D0-CDF1B74E2D1E} = {D1313045-171F-4139-BAD6-E0FAEED68FAD}
	EndGlobalSection
	GlobalSection(ExtensibilityGlobals) = postSolution
		SolutionGuid = {2A9E6973-ECDE-4895-8435-8CA0F49DF342}
	EndGlobalSection
EndGlobal
