
Microsoft Visual Studio Solution File, Format Version 12.00
# Visual Studio Version 17
VisualStudioVersion = 17.0.31912.275
MinimumVisualStudioVersion = 10.0.40219.1
Project("{9A19103F-16F7-4668-BE54-9A1E7A4F7556}") = "SMS.Net", "src\SMS.Net\SMS.Net.csproj", "{DBB8661C-7D38-496A-8974-D1D35DB70C2F}"
EndProject
Project("{2150E333-8FDC-42A3-9474-1A3956D46DE8}") = "Solution Items", "Solution Items", "{B2B1937D-903B-4B68-A79A-B51EC832EC79}"
	ProjectSection(SolutionItems) = preProject
		CHANGELOG.md = CHANGELOG.md
		LICENSE = LICENSE
		README.md = README.md
	EndProjectSection
EndProject
Project("{2150E333-8FDC-42A3-9474-1A3956D46DE8}") = "src", "src", "{3ED197C8-4218-4F2D-86E3-359FA5A5D562}"
	ProjectSection(SolutionItems) = preProject
		src\Directory.Build.props = src\Directory.Build.props
	EndProjectSection
EndProject
Project("{2150E333-8FDC-42A3-9474-1A3956D46DE8}") = "tests", "tests", "{A8A0EEE0-6F00-4E96-A555-C98955E94C26}"
EndProject
Project("{9A19103F-16F7-4668-BE54-9A1E7A4F7556}") = "SMS.Net.Test", "tests\SMS.Net.Test\SMS.Net.Test.csproj", "{9EDCE6E9-D48D-46C5-86A9-A048F3E02D6E}"
EndProject
Project("{9A19103F-16F7-4668-BE54-9A1E7A4F7556}") = "SMS.Net.Channels.Test", "tests\SMS.Net.Channels.Test\SMS.Net.Channels.Test.csproj", "{44B392A5-4BF1-4A61-9C2C-2498D86300B5}"
EndProject
Project("{2150E333-8FDC-42A3-9474-1A3956D46DE8}") = "SmsDeliveryChannels", "SmsDeliveryChannels", "{D1313045-171F-4139-BAD6-E0FAEED68FAD}"
EndProject
Project("{9A19103F-16F7-4668-BE54-9A1E7A4F7556}") = "SMS.Net.Twilio", "src\SmsDeliveryChannels\SMS.Net.Twilio\SMS.Net.Twilio.csproj", "{A44FC33B-F7A1-40A8-B2FB-796C855A9A43}"
EndProject
Project("{9A19103F-16F7-4668-BE54-9A1E7A4F7556}") = "SMS.Net.MessageBird", "src\SmsDeliveryChannels\SMS.Net.MessageBird\SMS.Net.MessageBird.csproj", "{96D2E98F-04AF-49FB-936E-89174CDFF34D}"
EndProject
Project("{9A19103F-16F7-4668-BE54-9A1E7A4F7556}") = "SMS.Net.Avochato", "src\SmsDeliveryChannels\SMS.Net.Avochato\SMS.Net.Avochato.csproj", "{95E3AFDB-9E19-47B9-A377-7BC8577BD055}"
EndProject
Project("{2150E333-8FDC-42A3-9474-1A3956D46DE8}") = "DependencyInjection", "DependencyInjection", "{0EE4B471-B2B5-4827-A29C-E0A6FF419C8B}"
EndProject
Project("{9A19103F-16F7-4668-BE54-9A1E7A4F7556}") = "SMS.Net.Twilio.DependencyInjection", "src\DependencyInjection\SMS.Net.Twilio.DependencyInjection\SMS.Net.Twilio.DependencyInjection.csproj", "{51DB7577-D85B-4F3B-9CD0-B77096AAAC8A}"
EndProject
Project("{9A19103F-16F7-4668-BE54-9A1E7A4F7556}") = "SMS.Net.MessageBird.DependencyInjection", "src\DependencyInjection\SMS.Net.MessageBird.DependencyInjection\SMS.Net.MessageBird.DependencyInjection.csproj", "{532E1DE6-79A8-439D-B9C8-F8EEEA40AA71}"
EndProject
Project("{9A19103F-16F7-4668-BE54-9A1E7A4F7556}") = "SMS.Net.Avochato.DependencyInjection", "src\DependencyInjection\SMS.Net.Avochato.DependencyInjection\SMS.Net.Avochato.DependencyInjection.csproj", "{21F5EEE7-6E30-4587-87A3-919220B74F79}"
EndProject
Project("{9A19103F-16F7-4668-BE54-9A1E7A4F7556}") = "SMS.Net.DependencyInjection", "src\DependencyInjection\SMS.Net.DependencyInjection\SMS.Net.DependencyInjection.csproj", "{B3BA77A7-C5F9-4470-9676-1463374E2665}"
EndProject
Project("{2150E333-8FDC-42A3-9474-1A3956D46DE8}") = "samples", "samples", "{107D0A76-1777-4D28-9303-CA2B6F460A1E}"
EndProject
Project("{9A19103F-16F7-4668-BE54-9A1E7A4F7556}") = "SMS.Net.AspCore", "samples\SMS.Net.AspCore\SMS.Net.AspCore.csproj", "{8D52943D-9060-4781-AC33-89E549C7259E}"
EndProject
Project("{2150E333-8FDC-42A3-9474-1A3956D46DE8}") = "RavenSMS", "RavenSMS", "{132547C0-9894-4A8C-94A2-21E39666C7CB}"
EndProject
Project("{9A19103F-16F7-4668-BE54-9A1E7A4F7556}") = "SMS.Net.RavenSMS", "src\SmsDeliveryChannels\SMS.Net.RavenSMS\SMS.Net.RavenSMS\SMS.Net.RavenSMS.csproj", "{944C5327-6A8B-491D-81A5-964F51FC7644}"
EndProject
Project("{9A19103F-16F7-4668-BE54-9A1E7A4F7556}") = "SMS.Net.RavenSMS.Hangfire", "src\SmsDeliveryChannels\SMS.Net.RavenSMS\SMS.Net.RavenSMS.Hangfire\SMS.Net.RavenSMS.Hangfire.csproj", "{9F167F99-34EE-4710-8E57-96D5160BCE69}"
EndProject
Project("{9A19103F-16F7-4668-BE54-9A1E7A4F7556}") = "SMS.Net.RavenSMS.EntityFramework", "src\SmsDeliveryChannels\SMS.Net.RavenSMS\SMS.Net.RavenSMS.EntityFramework\SMS.Net.RavenSMS.EntityFramework.csproj", "{E466B617-2C66-4341-A1E4-E2634AFE6977}"
EndProject
Global
	GlobalSection(SolutionConfigurationPlatforms) = preSolution
		Debug|Any CPU = Debug|Any CPU
		Release|Any CPU = Release|Any CPU
	EndGlobalSection
	GlobalSection(ProjectConfigurationPlatforms) = postSolution
		{DBB8661C-7D38-496A-8974-D1D35DB70C2F}.Debug|Any CPU.ActiveCfg = Debug|Any CPU
		{DBB8661C-7D38-496A-8974-D1D35DB70C2F}.Debug|Any CPU.Build.0 = Debug|Any CPU
		{DBB8661C-7D38-496A-8974-D1D35DB70C2F}.Release|Any CPU.ActiveCfg = Release|Any CPU
		{DBB8661C-7D38-496A-8974-D1D35DB70C2F}.Release|Any CPU.Build.0 = Release|Any CPU
		{9EDCE6E9-D48D-46C5-86A9-A048F3E02D6E}.Debug|Any CPU.ActiveCfg = Debug|Any CPU
		{9EDCE6E9-D48D-46C5-86A9-A048F3E02D6E}.Debug|Any CPU.Build.0 = Debug|Any CPU
		{9EDCE6E9-D48D-46C5-86A9-A048F3E02D6E}.Release|Any CPU.ActiveCfg = Release|Any CPU
		{9EDCE6E9-D48D-46C5-86A9-A048F3E02D6E}.Release|Any CPU.Build.0 = Release|Any CPU
		{44B392A5-4BF1-4A61-9C2C-2498D86300B5}.Debug|Any CPU.ActiveCfg = Debug|Any CPU
		{44B392A5-4BF1-4A61-9C2C-2498D86300B5}.Debug|Any CPU.Build.0 = Debug|Any CPU
		{44B392A5-4BF1-4A61-9C2C-2498D86300B5}.Release|Any CPU.ActiveCfg = Release|Any CPU
		{44B392A5-4BF1-4A61-9C2C-2498D86300B5}.Release|Any CPU.Build.0 = Release|Any CPU
		{A44FC33B-F7A1-40A8-B2FB-796C855A9A43}.Debug|Any CPU.ActiveCfg = Debug|Any CPU
		{A44FC33B-F7A1-40A8-B2FB-796C855A9A43}.Debug|Any CPU.Build.0 = Debug|Any CPU
		{A44FC33B-F7A1-40A8-B2FB-796C855A9A43}.Release|Any CPU.ActiveCfg = Release|Any CPU
		{A44FC33B-F7A1-40A8-B2FB-796C855A9A43}.Release|Any CPU.Build.0 = Release|Any CPU
		{96D2E98F-04AF-49FB-936E-89174CDFF34D}.Debug|Any CPU.ActiveCfg = Debug|Any CPU
		{96D2E98F-04AF-49FB-936E-89174CDFF34D}.Debug|Any CPU.Build.0 = Debug|Any CPU
		{96D2E98F-04AF-49FB-936E-89174CDFF34D}.Release|Any CPU.ActiveCfg = Release|Any CPU
		{96D2E98F-04AF-49FB-936E-89174CDFF34D}.Release|Any CPU.Build.0 = Release|Any CPU
		{95E3AFDB-9E19-47B9-A377-7BC8577BD055}.Debug|Any CPU.ActiveCfg = Debug|Any CPU
		{95E3AFDB-9E19-47B9-A377-7BC8577BD055}.Debug|Any CPU.Build.0 = Debug|Any CPU
		{95E3AFDB-9E19-47B9-A377-7BC8577BD055}.Release|Any CPU.ActiveCfg = Release|Any CPU
		{95E3AFDB-9E19-47B9-A377-7BC8577BD055}.Release|Any CPU.Build.0 = Release|Any CPU
		{51DB7577-D85B-4F3B-9CD0-B77096AAAC8A}.Debug|Any CPU.ActiveCfg = Debug|Any CPU
		{51DB7577-D85B-4F3B-9CD0-B77096AAAC8A}.Debug|Any CPU.Build.0 = Debug|Any CPU
		{51DB7577-D85B-4F3B-9CD0-B77096AAAC8A}.Release|Any CPU.ActiveCfg = Release|Any CPU
		{51DB7577-D85B-4F3B-9CD0-B77096AAAC8A}.Release|Any CPU.Build.0 = Release|Any CPU
		{532E1DE6-79A8-439D-B9C8-F8EEEA40AA71}.Debug|Any CPU.ActiveCfg = Debug|Any CPU
		{532E1DE6-79A8-439D-B9C8-F8EEEA40AA71}.Debug|Any CPU.Build.0 = Debug|Any CPU
		{532E1DE6-79A8-439D-B9C8-F8EEEA40AA71}.Release|Any CPU.ActiveCfg = Release|Any CPU
		{532E1DE6-79A8-439D-B9C8-F8EEEA40AA71}.Release|Any CPU.Build.0 = Release|Any CPU
		{21F5EEE7-6E30-4587-87A3-919220B74F79}.Debug|Any CPU.ActiveCfg = Debug|Any CPU
		{21F5EEE7-6E30-4587-87A3-919220B74F79}.Debug|Any CPU.Build.0 = Debug|Any CPU
		{21F5EEE7-6E30-4587-87A3-919220B74F79}.Release|Any CPU.ActiveCfg = Release|Any CPU
		{21F5EEE7-6E30-4587-87A3-919220B74F79}.Release|Any CPU.Build.0 = Release|Any CPU
		{B3BA77A7-C5F9-4470-9676-1463374E2665}.Debug|Any CPU.ActiveCfg = Debug|Any CPU
		{B3BA77A7-C5F9-4470-9676-1463374E2665}.Debug|Any CPU.Build.0 = Debug|Any CPU
		{B3BA77A7-C5F9-4470-9676-1463374E2665}.Release|Any CPU.ActiveCfg = Release|Any CPU
		{B3BA77A7-C5F9-4470-9676-1463374E2665}.Release|Any CPU.Build.0 = Release|Any CPU
		{8D52943D-9060-4781-AC33-89E549C7259E}.Debug|Any CPU.ActiveCfg = Debug|Any CPU
		{8D52943D-9060-4781-AC33-89E549C7259E}.Debug|Any CPU.Build.0 = Debug|Any CPU
		{8D52943D-9060-4781-AC33-89E549C7259E}.Release|Any CPU.ActiveCfg = Release|Any CPU
		{8D52943D-9060-4781-AC33-89E549C7259E}.Release|Any CPU.Build.0 = Release|Any CPU
		{944C5327-6A8B-491D-81A5-964F51FC7644}.Debug|Any CPU.ActiveCfg = Debug|Any CPU
		{944C5327-6A8B-491D-81A5-964F51FC7644}.Debug|Any CPU.Build.0 = Debug|Any CPU
		{944C5327-6A8B-491D-81A5-964F51FC7644}.Release|Any CPU.ActiveCfg = Release|Any CPU
		{944C5327-6A8B-491D-81A5-964F51FC7644}.Release|Any CPU.Build.0 = Release|Any CPU
		{9F167F99-34EE-4710-8E57-96D5160BCE69}.Debug|Any CPU.ActiveCfg = Debug|Any CPU
		{9F167F99-34EE-4710-8E57-96D5160BCE69}.Debug|Any CPU.Build.0 = Debug|Any CPU
		{9F167F99-34EE-4710-8E57-96D5160BCE69}.Release|Any CPU.ActiveCfg = Release|Any CPU
		{9F167F99-34EE-4710-8E57-96D5160BCE69}.Release|Any CPU.Build.0 = Release|Any CPU
		{E466B617-2C66-4341-A1E4-E2634AFE6977}.Debug|Any CPU.ActiveCfg = Debug|Any CPU
		{E466B617-2C66-4341-A1E4-E2634AFE6977}.Debug|Any CPU.Build.0 = Debug|Any CPU
		{E466B617-2C66-4341-A1E4-E2634AFE6977}.Release|Any CPU.ActiveCfg = Release|Any CPU
		{E466B617-2C66-4341-A1E4-E2634AFE6977}.Release|Any CPU.Build.0 = Release|Any CPU
	EndGlobalSection
	GlobalSection(SolutionProperties) = preSolution
		HideSolutionNode = FALSE
	EndGlobalSection
	GlobalSection(NestedProjects) = preSolution
		{DBB8661C-7D38-496A-8974-D1D35DB70C2F} = {3ED197C8-4218-4F2D-86E3-359FA5A5D562}
		{9EDCE6E9-D48D-46C5-86A9-A048F3E02D6E} = {A8A0EEE0-6F00-4E96-A555-C98955E94C26}
		{44B392A5-4BF1-4A61-9C2C-2498D86300B5} = {A8A0EEE0-6F00-4E96-A555-C98955E94C26}
		{D1313045-171F-4139-BAD6-E0FAEED68FAD} = {3ED197C8-4218-4F2D-86E3-359FA5A5D562}
		{A44FC33B-F7A1-40A8-B2FB-796C855A9A43} = {D1313045-171F-4139-BAD6-E0FAEED68FAD}
		{96D2E98F-04AF-49FB-936E-89174CDFF34D} = {D1313045-171F-4139-BAD6-E0FAEED68FAD}
		{95E3AFDB-9E19-47B9-A377-7BC8577BD055} = {D1313045-171F-4139-BAD6-E0FAEED68FAD}
		{0EE4B471-B2B5-4827-A29C-E0A6FF419C8B} = {3ED197C8-4218-4F2D-86E3-359FA5A5D562}
		{51DB7577-D85B-4F3B-9CD0-B77096AAAC8A} = {0EE4B471-B2B5-4827-A29C-E0A6FF419C8B}
		{532E1DE6-79A8-439D-B9C8-F8EEEA40AA71} = {0EE4B471-B2B5-4827-A29C-E0A6FF419C8B}
		{21F5EEE7-6E30-4587-87A3-919220B74F79} = {0EE4B471-B2B5-4827-A29C-E0A6FF419C8B}
		{B3BA77A7-C5F9-4470-9676-1463374E2665} = {0EE4B471-B2B5-4827-A29C-E0A6FF419C8B}
		{8D52943D-9060-4781-AC33-89E549C7259E} = {107D0A76-1777-4D28-9303-CA2B6F460A1E}
		{132547C0-9894-4A8C-94A2-21E39666C7CB} = {D1313045-171F-4139-BAD6-E0FAEED68FAD}
		{944C5327-6A8B-491D-81A5-964F51FC7644} = {132547C0-9894-4A8C-94A2-21E39666C7CB}
		{9F167F99-34EE-4710-8E57-96D5160BCE69} = {132547C0-9894-4A8C-94A2-21E39666C7CB}
		{E466B617-2C66-4341-A1E4-E2634AFE6977} = {132547C0-9894-4A8C-94A2-21E39666C7CB}
	EndGlobalSection
	GlobalSection(ExtensibilityGlobals) = postSolution
		SolutionGuid = {2A9E6973-ECDE-4895-8435-8CA0F49DF342}
	EndGlobalSection
EndGlobal
